// !$*UTF8*$!
{
	archiveVersion = 1;
	classes = {
	};
	objectVersion = 55;
	objects = {

/* Begin PBXBuildFile section */
		10422E4F277602C1008E4827 /* discoveringswiftuiApp.swift in Sources */ = {isa = PBXBuildFile; fileRef = 10422E4E277602C1008E4827 /* discoveringswiftuiApp.swift */; };
		10422E51277602C1008E4827 /* ContentView.swift in Sources */ = {isa = PBXBuildFile; fileRef = 10422E50277602C1008E4827 /* ContentView.swift */; };
		10422E53277602C2008E4827 /* Assets.xcassets in Resources */ = {isa = PBXBuildFile; fileRef = 10422E52277602C2008E4827 /* Assets.xcassets */; };
		10422E56277602C2008E4827 /* Preview Assets.xcassets in Resources */ = {isa = PBXBuildFile; fileRef = 10422E55277602C2008E4827 /* Preview Assets.xcassets */; };
		10422E60277602C2008E4827 /* discoveringswiftuiTests.swift in Sources */ = {isa = PBXBuildFile; fileRef = 10422E5F277602C2008E4827 /* discoveringswiftuiTests.swift */; };
		10422E6A277602C2008E4827 /* discoveringswiftuiUITests.swift in Sources */ = {isa = PBXBuildFile; fileRef = 10422E69277602C2008E4827 /* discoveringswiftuiUITests.swift */; };
		10422E6C277602C2008E4827 /* discoveringswiftuiUITestsLaunchTests.swift in Sources */ = {isa = PBXBuildFile; fileRef = 10422E6B277602C2008E4827 /* discoveringswiftuiUITestsLaunchTests.swift */; };
		10422E7927760637008E4827 /* CircleImage.swift in Sources */ = {isa = PBXBuildFile; fileRef = 10422E7827760637008E4827 /* CircleImage.swift */; };
		10422E7B27760728008E4827 /* MapView.swift in Sources */ = {isa = PBXBuildFile; fileRef = 10422E7A27760728008E4827 /* MapView.swift */; };
		10422E7F27760B7A008E4827 /* Landmark.swift in Sources */ = {isa = PBXBuildFile; fileRef = 10422E7E27760B7A008E4827 /* Landmark.swift */; };
		10422E8127760C0A008E4827 /* ModelData.swift in Sources */ = {isa = PBXBuildFile; fileRef = 10422E8027760C0A008E4827 /* ModelData.swift */; };
		10422E8627760D24008E4827 /* landmarkData.json in Resources */ = {isa = PBXBuildFile; fileRef = 10422E8527760D24008E4827 /* landmarkData.json */; };
		10422E8827760D7C008E4827 /* LandmarkRow.swift in Sources */ = {isa = PBXBuildFile; fileRef = 10422E8727760D7C008E4827 /* LandmarkRow.swift */; };
		10422E8A27760F8F008E4827 /* LandmarkList.swift in Sources */ = {isa = PBXBuildFile; fileRef = 10422E8927760F8F008E4827 /* LandmarkList.swift */; };
		10422E8C2776103F008E4827 /* LandmarkDetail.swift in Sources */ = {isa = PBXBuildFile; fileRef = 10422E8B2776103F008E4827 /* LandmarkDetail.swift */; };
		10B76DD427761E1900DD5CF0 /* FavoriteButton.swift in Sources */ = {isa = PBXBuildFile; fileRef = 10B76DD327761E1900DD5CF0 /* FavoriteButton.swift */; };
/* End PBXBuildFile section */

/* Begin PBXContainerItemProxy section */
		10422E5C277602C2008E4827 /* PBXContainerItemProxy */ = {
			isa = PBXContainerItemProxy;
			containerPortal = 10422E43277602C1008E4827 /* Project object */;
			proxyType = 1;
			remoteGlobalIDString = 10422E4A277602C1008E4827;
			remoteInfo = discoveringswiftui;
		};
		10422E66277602C2008E4827 /* PBXContainerItemProxy */ = {
			isa = PBXContainerItemProxy;
			containerPortal = 10422E43277602C1008E4827 /* Project object */;
			proxyType = 1;
			remoteGlobalIDString = 10422E4A277602C1008E4827;
			remoteInfo = discoveringswiftui;
		};
/* End PBXContainerItemProxy section */

/* Begin PBXFileReference section */
		10422E4B277602C1008E4827 /* discoveringswiftui.app */ = {isa = PBXFileReference; explicitFileType = wrapper.application; includeInIndex = 0; path = discoveringswiftui.app; sourceTree = BUILT_PRODUCTS_DIR; };
		10422E4E277602C1008E4827 /* discoveringswiftuiApp.swift */ = {isa = PBXFileReference; lastKnownFileType = sourcecode.swift; path = discoveringswiftuiApp.swift; sourceTree = "<group>"; };
		10422E50277602C1008E4827 /* ContentView.swift */ = {isa = PBXFileReference; lastKnownFileType = sourcecode.swift; path = ContentView.swift; sourceTree = "<group>"; };
		10422E52277602C2008E4827 /* Assets.xcassets */ = {isa = PBXFileReference; lastKnownFileType = folder.assetcatalog; path = Assets.xcassets; sourceTree = "<group>"; };
		10422E55277602C2008E4827 /* Preview Assets.xcassets */ = {isa = PBXFileReference; lastKnownFileType = folder.assetcatalog; path = "Preview Assets.xcassets"; sourceTree = "<group>"; };
		10422E5B277602C2008E4827 /* discoveringswiftuiTests.xctest */ = {isa = PBXFileReference; explicitFileType = wrapper.cfbundle; includeInIndex = 0; path = discoveringswiftuiTests.xctest; sourceTree = BUILT_PRODUCTS_DIR; };
		10422E5F277602C2008E4827 /* discoveringswiftuiTests.swift */ = {isa = PBXFileReference; lastKnownFileType = sourcecode.swift; path = discoveringswiftuiTests.swift; sourceTree = "<group>"; };
		10422E65277602C2008E4827 /* discoveringswiftuiUITests.xctest */ = {isa = PBXFileReference; explicitFileType = wrapper.cfbundle; includeInIndex = 0; path = discoveringswiftuiUITests.xctest; sourceTree = BUILT_PRODUCTS_DIR; };
		10422E69277602C2008E4827 /* discoveringswiftuiUITests.swift */ = {isa = PBXFileReference; lastKnownFileType = sourcecode.swift; path = discoveringswiftuiUITests.swift; sourceTree = "<group>"; };
		10422E6B277602C2008E4827 /* discoveringswiftuiUITestsLaunchTests.swift */ = {isa = PBXFileReference; lastKnownFileType = sourcecode.swift; path = discoveringswiftuiUITestsLaunchTests.swift; sourceTree = "<group>"; };
		10422E7827760637008E4827 /* CircleImage.swift */ = {isa = PBXFileReference; lastKnownFileType = sourcecode.swift; path = CircleImage.swift; sourceTree = "<group>"; };
		10422E7A27760728008E4827 /* MapView.swift */ = {isa = PBXFileReference; lastKnownFileType = sourcecode.swift; path = MapView.swift; sourceTree = "<group>"; };
		10422E7E27760B7A008E4827 /* Landmark.swift */ = {isa = PBXFileReference; lastKnownFileType = sourcecode.swift; path = Landmark.swift; sourceTree = "<group>"; };
		10422E8027760C0A008E4827 /* ModelData.swift */ = {isa = PBXFileReference; lastKnownFileType = sourcecode.swift; path = ModelData.swift; sourceTree = "<group>"; };
		10422E8527760D24008E4827 /* landmarkData.json */ = {isa = PBXFileReference; fileEncoding = 4; lastKnownFileType = text.json; path = landmarkData.json; sourceTree = "<group>"; };
		10422E8727760D7C008E4827 /* LandmarkRow.swift */ = {isa = PBXFileReference; lastKnownFileType = sourcecode.swift; path = LandmarkRow.swift; sourceTree = "<group>"; };
		10422E8927760F8F008E4827 /* LandmarkList.swift */ = {isa = PBXFileReference; lastKnownFileType = sourcecode.swift; path = LandmarkList.swift; sourceTree = "<group>"; };
		10422E8B2776103F008E4827 /* LandmarkDetail.swift */ = {isa = PBXFileReference; lastKnownFileType = sourcecode.swift; path = LandmarkDetail.swift; sourceTree = "<group>"; };
		10B76DD327761E1900DD5CF0 /* FavoriteButton.swift */ = {isa = PBXFileReference; lastKnownFileType = sourcecode.swift; path = FavoriteButton.swift; sourceTree = "<group>"; };
/* End PBXFileReference section */

/* Begin PBXFrameworksBuildPhase section */
		10422E48277602C1008E4827 /* Frameworks */ = {
			isa = PBXFrameworksBuildPhase;
			buildActionMask = 2147483647;
			files = (
			);
			runOnlyForDeploymentPostprocessing = 0;
		};
		10422E58277602C2008E4827 /* Frameworks */ = {
			isa = PBXFrameworksBuildPhase;
			buildActionMask = 2147483647;
			files = (
			);
			runOnlyForDeploymentPostprocessing = 0;
		};
		10422E62277602C2008E4827 /* Frameworks */ = {
			isa = PBXFrameworksBuildPhase;
			buildActionMask = 2147483647;
			files = (
			);
			runOnlyForDeploymentPostprocessing = 0;
		};
/* End PBXFrameworksBuildPhase section */

/* Begin PBXGroup section */
		10422E42277602C1008E4827 = {
			isa = PBXGroup;
			children = (
				10422E4D277602C1008E4827 /* discoveringswiftui */,
				10422E5E277602C2008E4827 /* discoveringswiftuiTests */,
				10422E68277602C2008E4827 /* discoveringswiftuiUITests */,
				10422E4C277602C1008E4827 /* Products */,
			);
			sourceTree = "<group>";
		};
		10422E4C277602C1008E4827 /* Products */ = {
			isa = PBXGroup;
			children = (
				10422E4B277602C1008E4827 /* discoveringswiftui.app */,
				10422E5B277602C2008E4827 /* discoveringswiftuiTests.xctest */,
				10422E65277602C2008E4827 /* discoveringswiftuiUITests.xctest */,
			);
			name = Products;
			sourceTree = "<group>";
		};
		10422E4D277602C1008E4827 /* discoveringswiftui */ = {
			isa = PBXGroup;
			children = (
				10422E8427760D09008E4827 /* Resources */,
				10422E4E277602C1008E4827 /* discoveringswiftuiApp.swift */,
				10422E52277602C2008E4827 /* Assets.xcassets */,
				10422E8227760CC9008E4827 /* Views */,
				10422E54277602C2008E4827 /* Preview Content */,
				10422E8327760CEA008E4827 /* Model */,
			);
			path = discoveringswiftui;
			sourceTree = "<group>";
		};
		10422E54277602C2008E4827 /* Preview Content */ = {
			isa = PBXGroup;
			children = (
				10422E55277602C2008E4827 /* Preview Assets.xcassets */,
			);
			path = "Preview Content";
			sourceTree = "<group>";
		};
		10422E5E277602C2008E4827 /* discoveringswiftuiTests */ = {
			isa = PBXGroup;
			children = (
				10422E5F277602C2008E4827 /* discoveringswiftuiTests.swift */,
			);
			path = discoveringswiftuiTests;
			sourceTree = "<group>";
		};
		10422E68277602C2008E4827 /* discoveringswiftuiUITests */ = {
			isa = PBXGroup;
			children = (
				10422E69277602C2008E4827 /* discoveringswiftuiUITests.swift */,
				10422E6B277602C2008E4827 /* discoveringswiftuiUITestsLaunchTests.swift */,
			);
			path = discoveringswiftuiUITests;
			sourceTree = "<group>";
		};
		10422E8227760CC9008E4827 /* Views */ = {
			isa = PBXGroup;
			children = (
				10422E50277602C1008E4827 /* ContentView.swift */,
				10B76DD527761E6B00DD5CF0 /* Landmarks */,
				10B76DD627761E7C00DD5CF0 /* Helpers */,
			);
			path = Views;
			sourceTree = "<group>";
		};
		10422E8327760CEA008E4827 /* Model */ = {
			isa = PBXGroup;
			children = (
				10422E7E27760B7A008E4827 /* Landmark.swift */,
				10422E8027760C0A008E4827 /* ModelData.swift */,
			);
			path = Model;
			sourceTree = "<group>";
		};
		10422E8427760D09008E4827 /* Resources */ = {
			isa = PBXGroup;
			children = (
				10422E8527760D24008E4827 /* landmarkData.json */,
			);
			path = Resources;
			sourceTree = "<group>";
		};
		10B76DD527761E6B00DD5CF0 /* Landmarks */ = {
			isa = PBXGroup;
			children = (
				10422E8727760D7C008E4827 /* LandmarkRow.swift */,
				10422E8927760F8F008E4827 /* LandmarkList.swift */,
				10422E8B2776103F008E4827 /* LandmarkDetail.swift */,
			);
			path = Landmarks;
			sourceTree = "<group>";
		};
		10B76DD627761E7C00DD5CF0 /* Helpers */ = {
			isa = PBXGroup;
			children = (
				10422E7827760637008E4827 /* CircleImage.swift */,
				10422E7A27760728008E4827 /* MapView.swift */,
				10B76DD327761E1900DD5CF0 /* FavoriteButton.swift */,
			);
			path = Helpers;
			sourceTree = "<group>";
		};
/* End PBXGroup section */

/* Begin PBXNativeTarget section */
		10422E4A277602C1008E4827 /* discoveringswiftui */ = {
			isa = PBXNativeTarget;
			buildConfigurationList = 10422E6F277602C2008E4827 /* Build configuration list for PBXNativeTarget "discoveringswiftui" */;
			buildPhases = (
				10422E47277602C1008E4827 /* Sources */,
				10422E48277602C1008E4827 /* Frameworks */,
				10422E49277602C1008E4827 /* Resources */,
			);
			buildRules = (
			);
			dependencies = (
			);
			name = discoveringswiftui;
			productName = discoveringswiftui;
			productReference = 10422E4B277602C1008E4827 /* discoveringswiftui.app */;
			productType = "com.apple.product-type.application";
		};
		10422E5A277602C2008E4827 /* discoveringswiftuiTests */ = {
			isa = PBXNativeTarget;
			buildConfigurationList = 10422E72277602C2008E4827 /* Build configuration list for PBXNativeTarget "discoveringswiftuiTests" */;
			buildPhases = (
				10422E57277602C2008E4827 /* Sources */,
				10422E58277602C2008E4827 /* Frameworks */,
				10422E59277602C2008E4827 /* Resources */,
			);
			buildRules = (
			);
			dependencies = (
				10422E5D277602C2008E4827 /* PBXTargetDependency */,
			);
			name = discoveringswiftuiTests;
			productName = discoveringswiftuiTests;
			productReference = 10422E5B277602C2008E4827 /* discoveringswiftuiTests.xctest */;
			productType = "com.apple.product-type.bundle.unit-test";
		};
		10422E64277602C2008E4827 /* discoveringswiftuiUITests */ = {
			isa = PBXNativeTarget;
			buildConfigurationList = 10422E75277602C2008E4827 /* Build configuration list for PBXNativeTarget "discoveringswiftuiUITests" */;
			buildPhases = (
				10422E61277602C2008E4827 /* Sources */,
				10422E62277602C2008E4827 /* Frameworks */,
				10422E63277602C2008E4827 /* Resources */,
			);
			buildRules = (
			);
			dependencies = (
				10422E67277602C2008E4827 /* PBXTargetDependency */,
			);
			name = discoveringswiftuiUITests;
			productName = discoveringswiftuiUITests;
			productReference = 10422E65277602C2008E4827 /* discoveringswiftuiUITests.xctest */;
			productType = "com.apple.product-type.bundle.ui-testing";
		};
/* End PBXNativeTarget section */

/* Begin PBXProject section */
		10422E43277602C1008E4827 /* Project object */ = {
			isa = PBXProject;
			attributes = {
				BuildIndependentTargetsInParallel = 1;
				LastSwiftUpdateCheck = 1320;
				LastUpgradeCheck = 1320;
				TargetAttributes = {
					10422E4A277602C1008E4827 = {
						CreatedOnToolsVersion = 13.2.1;
					};
					10422E5A277602C2008E4827 = {
						CreatedOnToolsVersion = 13.2.1;
						TestTargetID = 10422E4A277602C1008E4827;
					};
					10422E64277602C2008E4827 = {
						CreatedOnToolsVersion = 13.2.1;
						TestTargetID = 10422E4A277602C1008E4827;
					};
				};
			};
			buildConfigurationList = 10422E46277602C1008E4827 /* Build configuration list for PBXProject "discoveringswiftui" */;
			compatibilityVersion = "Xcode 13.0";
			developmentRegion = en;
			hasScannedForEncodings = 0;
			knownRegions = (
				en,
				Base,
			);
			mainGroup = 10422E42277602C1008E4827;
			productRefGroup = 10422E4C277602C1008E4827 /* Products */;
			projectDirPath = "";
			projectRoot = "";
			targets = (
				10422E4A277602C1008E4827 /* discoveringswiftui */,
				10422E5A277602C2008E4827 /* discoveringswiftuiTests */,
				10422E64277602C2008E4827 /* discoveringswiftuiUITests */,
			);
		};
/* End PBXProject section */

/* Begin PBXResourcesBuildPhase section */
		10422E49277602C1008E4827 /* Resources */ = {
			isa = PBXResourcesBuildPhase;
			buildActionMask = 2147483647;
			files = (
				10422E56277602C2008E4827 /* Preview Assets.xcassets in Resources */,
				10422E8627760D24008E4827 /* landmarkData.json in Resources */,
				10422E53277602C2008E4827 /* Assets.xcassets in Resources */,
			);
			runOnlyForDeploymentPostprocessing = 0;
		};
		10422E59277602C2008E4827 /* Resources */ = {
			isa = PBXResourcesBuildPhase;
			buildActionMask = 2147483647;
			files = (
			);
			runOnlyForDeploymentPostprocessing = 0;
		};
		10422E63277602C2008E4827 /* Resources */ = {
			isa = PBXResourcesBuildPhase;
			buildActionMask = 2147483647;
			files = (
			);
			runOnlyForDeploymentPostprocessing = 0;
		};
/* End PBXResourcesBuildPhase section */

/* Begin PBXSourcesBuildPhase section */
		10422E47277602C1008E4827 /* Sources */ = {
			isa = PBXSourcesBuildPhase;
			buildActionMask = 2147483647;
			files = (
				10422E51277602C1008E4827 /* ContentView.swift in Sources */,
				10422E7B27760728008E4827 /* MapView.swift in Sources */,
				10422E4F277602C1008E4827 /* discoveringswiftuiApp.swift in Sources */,
				10B76DD427761E1900DD5CF0 /* FavoriteButton.swift in Sources */,
				10422E8A27760F8F008E4827 /* LandmarkList.swift in Sources */,
				10422E8C2776103F008E4827 /* LandmarkDetail.swift in Sources */,
				10422E7927760637008E4827 /* CircleImage.swift in Sources */,
				10422E7F27760B7A008E4827 /* Landmark.swift in Sources */,
				10422E8827760D7C008E4827 /* LandmarkRow.swift in Sources */,
				10422E8127760C0A008E4827 /* ModelData.swift in Sources */,
			);
			runOnlyForDeploymentPostprocessing = 0;
		};
		10422E57277602C2008E4827 /* Sources */ = {
			isa = PBXSourcesBuildPhase;
			buildActionMask = 2147483647;
			files = (
				10422E60277602C2008E4827 /* discoveringswiftuiTests.swift in Sources */,
			);
			runOnlyForDeploymentPostprocessing = 0;
		};
		10422E61277602C2008E4827 /* Sources */ = {
			isa = PBXSourcesBuildPhase;
			buildActionMask = 2147483647;
			files = (
				10422E6C277602C2008E4827 /* discoveringswiftuiUITestsLaunchTests.swift in Sources */,
				10422E6A277602C2008E4827 /* discoveringswiftuiUITests.swift in Sources */,
			);
			runOnlyForDeploymentPostprocessing = 0;
		};
/* End PBXSourcesBuildPhase section */

/* Begin PBXTargetDependency section */
		10422E5D277602C2008E4827 /* PBXTargetDependency */ = {
			isa = PBXTargetDependency;
			target = 10422E4A277602C1008E4827 /* discoveringswiftui */;
			targetProxy = 10422E5C277602C2008E4827 /* PBXContainerItemProxy */;
		};
		10422E67277602C2008E4827 /* PBXTargetDependency */ = {
			isa = PBXTargetDependency;
			target = 10422E4A277602C1008E4827 /* discoveringswiftui */;
			targetProxy = 10422E66277602C2008E4827 /* PBXContainerItemProxy */;
		};
/* End PBXTargetDependency section */

/* Begin XCBuildConfiguration section */
		10422E6D277602C2008E4827 /* Debug */ = {
			isa = XCBuildConfiguration;
			buildSettings = {
				ALWAYS_SEARCH_USER_PATHS = NO;
				CLANG_ANALYZER_NONNULL = YES;
				CLANG_ANALYZER_NUMBER_OBJECT_CONVERSION = YES_AGGRESSIVE;
				CLANG_CXX_LANGUAGE_STANDARD = "gnu++17";
				CLANG_CXX_LIBRARY = "libc++";
				CLANG_ENABLE_MODULES = YES;
				CLANG_ENABLE_OBJC_ARC = YES;
				CLANG_ENABLE_OBJC_WEAK = YES;
				CLANG_WARN_BLOCK_CAPTURE_AUTORELEASING = YES;
				CLANG_WARN_BOOL_CONVERSION = YES;
				CLANG_WARN_COMMA = YES;
				CLANG_WARN_CONSTANT_CONVERSION = YES;
				CLANG_WARN_DEPRECATED_OBJC_IMPLEMENTATIONS = YES;
				CLANG_WARN_DIRECT_OBJC_ISA_USAGE = YES_ERROR;
				CLANG_WARN_DOCUMENTATION_COMMENTS = YES;
				CLANG_WARN_EMPTY_BODY = YES;
				CLANG_WARN_ENUM_CONVERSION = YES;
				CLANG_WARN_INFINITE_RECURSION = YES;
				CLANG_WARN_INT_CONVERSION = YES;
				CLANG_WARN_NON_LITERAL_NULL_CONVERSION = YES;
				CLANG_WARN_OBJC_IMPLICIT_RETAIN_SELF = YES;
				CLANG_WARN_OBJC_LITERAL_CONVERSION = YES;
				CLANG_WARN_OBJC_ROOT_CLASS = YES_ERROR;
				CLANG_WARN_QUOTED_INCLUDE_IN_FRAMEWORK_HEADER = YES;
				CLANG_WARN_RANGE_LOOP_ANALYSIS = YES;
				CLANG_WARN_STRICT_PROTOTYPES = YES;
				CLANG_WARN_SUSPICIOUS_MOVE = YES;
				CLANG_WARN_UNGUARDED_AVAILABILITY = YES_AGGRESSIVE;
				CLANG_WARN_UNREACHABLE_CODE = YES;
				CLANG_WARN__DUPLICATE_METHOD_MATCH = YES;
				COPY_PHASE_STRIP = NO;
				DEBUG_INFORMATION_FORMAT = dwarf;
				ENABLE_STRICT_OBJC_MSGSEND = YES;
				ENABLE_TESTABILITY = YES;
				GCC_C_LANGUAGE_STANDARD = gnu11;
				GCC_DYNAMIC_NO_PIC = NO;
				GCC_NO_COMMON_BLOCKS = YES;
				GCC_OPTIMIZATION_LEVEL = 0;
				GCC_PREPROCESSOR_DEFINITIONS = (
					"DEBUG=1",
					"$(inherited)",
				);
				GCC_WARN_64_TO_32_BIT_CONVERSION = YES;
				GCC_WARN_ABOUT_RETURN_TYPE = YES_ERROR;
				GCC_WARN_UNDECLARED_SELECTOR = YES;
				GCC_WARN_UNINITIALIZED_AUTOS = YES_AGGRESSIVE;
				GCC_WARN_UNUSED_FUNCTION = YES;
				GCC_WARN_UNUSED_VARIABLE = YES;
				IPHONEOS_DEPLOYMENT_TARGET = 15.1;
				MTL_ENABLE_DEBUG_INFO = INCLUDE_SOURCE;
				MTL_FAST_MATH = YES;
				ONLY_ACTIVE_ARCH = YES;
				SDKROOT = iphoneos;
				SWIFT_ACTIVE_COMPILATION_CONDITIONS = DEBUG;
				SWIFT_OPTIMIZATION_LEVEL = "-Onone";
			};
			name = Debug;
		};
		10422E6E277602C2008E4827 /* Release */ = {
			isa = XCBuildConfiguration;
			buildSettings = {
				ALWAYS_SEARCH_USER_PATHS = NO;
				CLANG_ANALYZER_NONNULL = YES;
				CLANG_ANALYZER_NUMBER_OBJECT_CONVERSION = YES_AGGRESSIVE;
				CLANG_CXX_LANGUAGE_STANDARD = "gnu++17";
				CLANG_CXX_LIBRARY = "libc++";
				CLANG_ENABLE_MODULES = YES;
				CLANG_ENABLE_OBJC_ARC = YES;
				CLANG_ENABLE_OBJC_WEAK = YES;
				CLANG_WARN_BLOCK_CAPTURE_AUTORELEASING = YES;
				CLANG_WARN_BOOL_CONVERSION = YES;
				CLANG_WARN_COMMA = YES;
				CLANG_WARN_CONSTANT_CONVERSION = YES;
				CLANG_WARN_DEPRECATED_OBJC_IMPLEMENTATIONS = YES;
				CLANG_WARN_DIRECT_OBJC_ISA_USAGE = YES_ERROR;
				CLANG_WARN_DOCUMENTATION_COMMENTS = YES;
				CLANG_WARN_EMPTY_BODY = YES;
				CLANG_WARN_ENUM_CONVERSION = YES;
				CLANG_WARN_INFINITE_RECURSION = YES;
				CLANG_WARN_INT_CONVERSION = YES;
				CLANG_WARN_NON_LITERAL_NULL_CONVERSION = YES;
				CLANG_WARN_OBJC_IMPLICIT_RETAIN_SELF = YES;
				CLANG_WARN_OBJC_LITERAL_CONVERSION = YES;
				CLANG_WARN_OBJC_ROOT_CLASS = YES_ERROR;
				CLANG_WARN_QUOTED_INCLUDE_IN_FRAMEWORK_HEADER = YES;
				CLANG_WARN_RANGE_LOOP_ANALYSIS = YES;
				CLANG_WARN_STRICT_PROTOTYPES = YES;
				CLANG_WARN_SUSPICIOUS_MOVE = YES;
				CLANG_WARN_UNGUARDED_AVAILABILITY = YES_AGGRESSIVE;
				CLANG_WARN_UNREACHABLE_CODE = YES;
				CLANG_WARN__DUPLICATE_METHOD_MATCH = YES;
				COPY_PHASE_STRIP = NO;
				DEBUG_INFORMATION_FORMAT = "dwarf-with-dsym";
				ENABLE_NS_ASSERTIONS = NO;
				ENABLE_STRICT_OBJC_MSGSEND = YES;
				GCC_C_LANGUAGE_STANDARD = gnu11;
				GCC_NO_COMMON_BLOCKS = YES;
				GCC_WARN_64_TO_32_BIT_CONVERSION = YES;
				GCC_WARN_ABOUT_RETURN_TYPE = YES_ERROR;
				GCC_WARN_UNDECLARED_SELECTOR = YES;
				GCC_WARN_UNINITIALIZED_AUTOS = YES_AGGRESSIVE;
				GCC_WARN_UNUSED_FUNCTION = YES;
				GCC_WARN_UNUSED_VARIABLE = YES;
				IPHONEOS_DEPLOYMENT_TARGET = 15.1;
				MTL_ENABLE_DEBUG_INFO = NO;
				MTL_FAST_MATH = YES;
				SDKROOT = iphoneos;
				SWIFT_COMPILATION_MODE = wholemodule;
				SWIFT_OPTIMIZATION_LEVEL = "-O";
				VALIDATE_PRODUCT = YES;
			};
			name = Release;
		};
		10422E70277602C2008E4827 /* Debug */ = {
			isa = XCBuildConfiguration;
			buildSettings = {
				ASSETCATALOG_COMPILER_APPICON_NAME = AppIcon;
				ASSETCATALOG_COMPILER_GLOBAL_ACCENT_COLOR_NAME = AccentColor;
				CODE_SIGN_STYLE = Automatic;
				CURRENT_PROJECT_VERSION = 1;
				DEVELOPMENT_ASSET_PATHS = "\"discoveringswiftui/Preview Content\"";
				DEVELOPMENT_TEAM = H5ZMR627PF;
				ENABLE_PREVIEWS = YES;
				GENERATE_INFOPLIST_FILE = YES;
				INFOPLIST_KEY_UIApplicationSceneManifest_Generation = YES;
				INFOPLIST_KEY_UIApplicationSupportsIndirectInputEvents = YES;
				INFOPLIST_KEY_UILaunchScreen_Generation = YES;
				INFOPLIST_KEY_UISupportedInterfaceOrientations_iPad = "UIInterfaceOrientationPortrait UIInterfaceOrientationPortraitUpsideDown UIInterfaceOrientationLandscapeLeft UIInterfaceOrientationLandscapeRight";
				INFOPLIST_KEY_UISupportedInterfaceOrientations_iPhone = "UIInterfaceOrientationPortrait UIInterfaceOrientationLandscapeLeft UIInterfaceOrientationLandscapeRight";
				IPHONEOS_DEPLOYMENT_TARGET = 15.1;
				LD_RUNPATH_SEARCH_PATHS = (
					"$(inherited)",
					"@executable_path/Frameworks",
				);
				MARKETING_VERSION = 1.0;
				PRODUCT_BUNDLE_IDENTIFIER = fr.piotrfleury.discoveringswiftui;
				PRODUCT_NAME = "$(TARGET_NAME)";
				SWIFT_EMIT_LOC_STRINGS = YES;
				SWIFT_VERSION = 5.0;
				TARGETED_DEVICE_FAMILY = "1,2";
			};
			name = Debug;
		};
		10422E71277602C2008E4827 /* Release */ = {
			isa = XCBuildConfiguration;
			buildSettings = {
				ASSETCATALOG_COMPILER_APPICON_NAME = AppIcon;
				ASSETCATALOG_COMPILER_GLOBAL_ACCENT_COLOR_NAME = AccentColor;
				CODE_SIGN_STYLE = Automatic;
				CURRENT_PROJECT_VERSION = 1;
				DEVELOPMENT_ASSET_PATHS = "\"discoveringswiftui/Preview Content\"";
				DEVELOPMENT_TEAM = H5ZMR627PF;
				ENABLE_PREVIEWS = YES;
				GENERATE_INFOPLIST_FILE = YES;
				INFOPLIST_KEY_UIApplicationSceneManifest_Generation = YES;
				INFOPLIST_KEY_UIApplicationSupportsIndirectInputEvents = YES;
				INFOPLIST_KEY_UILaunchScreen_Generation = YES;
				INFOPLIST_KEY_UISupportedInterfaceOrientations_iPad = "UIInterfaceOrientationPortrait UIInterfaceOrientationPortraitUpsideDown UIInterfaceOrientationLandscapeLeft UIInterfaceOrientationLandscapeRight";
				INFOPLIST_KEY_UISupportedInterfaceOrientations_iPhone = "UIInterfaceOrientationPortrait UIInterfaceOrientationLandscapeLeft UIInterfaceOrientationLandscapeRight";
				IPHONEOS_DEPLOYMENT_TARGET = 15.1;
				LD_RUNPATH_SEARCH_PATHS = (
					"$(inherited)",
					"@executable_path/Frameworks",
				);
				MARKETING_VERSION = 1.0;
				PRODUCT_BUNDLE_IDENTIFIER = fr.piotrfleury.discoveringswiftui;
				PRODUCT_NAME = "$(TARGET_NAME)";
				SWIFT_EMIT_LOC_STRINGS = YES;
				SWIFT_VERSION = 5.0;
				TARGETED_DEVICE_FAMILY = "1,2";
			};
			name = Release;
		};
		10422E73277602C2008E4827 /* Debug */ = {
			isa = XCBuildConfiguration;
			buildSettings = {
				ALWAYS_EMBED_SWIFT_STANDARD_LIBRARIES = YES;
				BUNDLE_LOADER = "$(TEST_HOST)";
				CODE_SIGN_STYLE = Automatic;
				CURRENT_PROJECT_VERSION = 1;
				DEVELOPMENT_TEAM = H5ZMR627PF;
				GENERATE_INFOPLIST_FILE = YES;
				IPHONEOS_DEPLOYMENT_TARGET = 15.2;
				MARKETING_VERSION = 1.0;
				PRODUCT_BUNDLE_IDENTIFIER = fr.piotrfleury.discoveringswiftuiTests;
				PRODUCT_NAME = "$(TARGET_NAME)";
				SWIFT_EMIT_LOC_STRINGS = NO;
				SWIFT_VERSION = 5.0;
				TARGETED_DEVICE_FAMILY = "1,2";
				TEST_HOST = "$(BUILT_PRODUCTS_DIR)/discoveringswiftui.app/discoveringswiftui";
			};
			name = Debug;
		};
		10422E74277602C2008E4827 /* Release */ = {
			isa = XCBuildConfiguration;
			buildSettings = {
				ALWAYS_EMBED_SWIFT_STANDARD_LIBRARIES = YES;
				BUNDLE_LOADER = "$(TEST_HOST)";
				CODE_SIGN_STYLE = Automatic;
				CURRENT_PROJECT_VERSION = 1;
				DEVELOPMENT_TEAM = H5ZMR627PF;
				GENERATE_INFOPLIST_FILE = YES;
				IPHONEOS_DEPLOYMENT_TARGET = 15.2;
				MARKETING_VERSION = 1.0;
				PRODUCT_BUNDLE_IDENTIFIER = fr.piotrfleury.discoveringswiftuiTests;
				PRODUCT_NAME = "$(TARGET_NAME)";
				SWIFT_EMIT_LOC_STRINGS = NO;
				SWIFT_VERSION = 5.0;
				TARGETED_DEVICE_FAMILY = "1,2";
				TEST_HOST = "$(BUILT_PRODUCTS_DIR)/discoveringswiftui.app/discoveringswiftui";
			};
			name = Release;
		};
		10422E76277602C2008E4827 /* Debug */ = {
			isa = XCBuildConfiguration;
			buildSettings = {
				ALWAYS_EMBED_SWIFT_STANDARD_LIBRARIES = YES;
				CODE_SIGN_STYLE = Automatic;
				CURRENT_PROJECT_VERSION = 1;
				DEVELOPMENT_TEAM = H5ZMR627PF;
				GENERATE_INFOPLIST_FILE = YES;
				MARKETING_VERSION = 1.0;
				PRODUCT_BUNDLE_IDENTIFIER = fr.piotrfleury.discoveringswiftuiUITests;
				PRODUCT_NAME = "$(TARGET_NAME)";
				SWIFT_EMIT_LOC_STRINGS = NO;
				SWIFT_VERSION = 5.0;
				TARGETED_DEVICE_FAMILY = "1,2";
				TEST_TARGET_NAME = discoveringswiftui;
			};
			name = Debug;
		};
		10422E77277602C2008E4827 /* Release */ = {
			isa = XCBuildConfiguration;
			buildSettings = {
				ALWAYS_EMBED_SWIFT_STANDARD_LIBRARIES = YES;
				CODE_SIGN_STYLE = Automatic;
				CURRENT_PROJECT_VERSION = 1;
				DEVELOPMENT_TEAM = H5ZMR627PF;
				GENERATE_INFOPLIST_FILE = YES;
				MARKETING_VERSION = 1.0;
				PRODUCT_BUNDLE_IDENTIFIER = fr.piotrfleury.discoveringswiftuiUITests;
				PRODUCT_NAME = "$(TARGET_NAME)";
				SWIFT_EMIT_LOC_STRINGS = NO;
				SWIFT_VERSION = 5.0;
				TARGETED_DEVICE_FAMILY = "1,2";
				TEST_TARGET_NAME = discoveringswiftui;
			};
			name = Release;
		};
/* End XCBuildConfiguration section */

/* Begin XCConfigurationList section */
		10422E46277602C1008E4827 /* Build configuration list for PBXProject "discoveringswiftui" */ = {
			isa = XCConfigurationList;
			buildConfigurations = (
				10422E6D277602C2008E4827 /* Debug */,
				10422E6E277602C2008E4827 /* Release */,
			);
			defaultConfigurationIsVisible = 0;
			defaultConfigurationName = Release;
		};
		10422E6F277602C2008E4827 /* Build configuration list for PBXNativeTarget "discoveringswiftui" */ = {
			isa = XCConfigurationList;
			buildConfigurations = (
				10422E70277602C2008E4827 /* Debug */,
				10422E71277602C2008E4827 /* Release */,
			);
			defaultConfigurationIsVisible = 0;
			defaultConfigurationName = Release;
		};
		10422E72277602C2008E4827 /* Build configuration list for PBXNativeTarget "discoveringswiftuiTests" */ = {
			isa = XCConfigurationList;
			buildConfigurations = (
				10422E73277602C2008E4827 /* Debug */,
				10422E74277602C2008E4827 /* Release */,
			);
			defaultConfigurationIsVisible = 0;
			defaultConfigurationName = Release;
		};
		10422E75277602C2008E4827 /* Build configuration list for PBXNativeTarget "discoveringswiftuiUITests" */ = {
			isa = XCConfigurationList;
			buildConfigurations = (
				10422E76277602C2008E4827 /* Debug */,
				10422E77277602C2008E4827 /* Release */,
			);
			defaultConfigurationIsVisible = 0;
			defaultConfigurationName = Release;
		};
/* End XCConfigurationList section */
	};
	rootObject = 10422E43277602C1008E4827 /* Project object */;
}
